{
  "name": "jp-atlas",
  "version": "0.0.1",
  "lockfileVersion": 1,
  "requires": true,
  "dependencies": {
    "@mapbox/geojson-merge": {
      "version": "1.0.2",
      "resolved": "https://registry.npmjs.org/@mapbox/geojson-merge/-/geojson-merge-1.0.2.tgz",
      "integrity": "sha1-YmBHn00xBJ2FZMPpbT36zeiC2xE=",
      "requires": {
        "geojson-fixtures": "0.1.0",
        "geojson-normalize": "0.0.0",
        "geojson-stream": "0.0.1",
        "minimist": "1.2.0",
        "stream-concat": "0.1.0",
        "tape": "2.13.4"
      }
    },
    "acorn": {
      "version": "5.1.1",
      "resolved": "https://registry.npmjs.org/acorn/-/acorn-5.1.1.tgz",
      "integrity": "sha512-vOk6uEMctu0vQrvuSqFdJyqj1Q0S5VTDL79qtjo+DhRr+1mmaD+tluFSCZqhvi/JUhXSzoZN2BhtstaPEeE8cw=="
    },
    "array-source": {
      "version": "0.0.3",
      "resolved": "https://registry.npmjs.org/array-source/-/array-source-0.0.3.tgz",
      "integrity": "sha1-buY1djxPtM2ZkPh2Mhyynm193tE="
    },
    "commander": {
      "version": "2.11.0",
      "resolved": "https://registry.npmjs.org/commander/-/commander-2.11.0.tgz",
      "integrity": "sha1-FXFS/R56bI2YpbcVzzdt+SgARWM="
    },
    "deep-equal": {
      "version": "0.2.2",
      "resolved": "https://registry.npmjs.org/deep-equal/-/deep-equal-0.2.2.tgz",
      "integrity": "sha1-hLdFiW80xoTpjyzg5Cq69Du6AX0="
    },
    "defined": {
      "version": "0.0.0",
      "resolved": "https://registry.npmjs.org/defined/-/defined-0.0.0.tgz",
      "integrity": "sha1-817qfXBekzuvE7LwOz+D2SFAOz4="
    },
    "file-source": {
      "version": "0.6.1",
      "resolved": "https://registry.npmjs.org/file-source/-/file-source-0.6.1.tgz",
      "integrity": "sha1-rhidSZN2a4Zad/g63Pm5pQTNN9w=",
      "requires": {
        "stream-source": "0.3.4"
      }
    },
    "geojson-fixtures": {
      "version": "0.1.0",
      "resolved": "https://registry.npmjs.org/geojson-fixtures/-/geojson-fixtures-0.1.0.tgz",
      "integrity": "sha1-lopykz8DY4039QcybwNg/yf+Tig="
    },
    "geojson-normalize": {
      "version": "0.0.0",
      "resolved": "https://registry.npmjs.org/geojson-normalize/-/geojson-normalize-0.0.0.tgz",
      "integrity": "sha1-Lbw2eM0bMbgXnodr2nDNEg3eNcA="
    },
    "geojson-stream": {
      "version": "0.0.1",
      "resolved": "https://registry.npmjs.org/geojson-stream/-/geojson-stream-0.0.1.tgz",
      "integrity": "sha1-Gh1hcWcEHHMCpFRwMYFkaZdhUC8=",
      "requires": {
        "JSONStream": "1.3.1",
        "through": "2.3.8"
      }
    },
    "glob": {
      "version": "3.2.11",
      "resolved": "https://registry.npmjs.org/glob/-/glob-3.2.11.tgz",
      "integrity": "sha1-Spc/Y1uRkPcV0QmH1cAP0oFevj0=",
      "requires": {
        "inherits": "2.0.3",
        "minimatch": "0.3.0"
      }
    },
    "inherits": {
      "version": "2.0.3",
      "resolved": "https://registry.npmjs.org/inherits/-/inherits-2.0.3.tgz",
      "integrity": "sha1-Yzwsg+PaQqUC9SRmAiSA9CCCYd4="
    },
    "jsonparse": {
      "version": "1.3.1",
      "resolved": "https://registry.npmjs.org/jsonparse/-/jsonparse-1.3.1.tgz",
      "integrity": "sha1-P02uSpH6wxX3EGL4UhzCOfE2YoA="
    },
    "JSONStream": {
      "version": "1.3.1",
      "resolved": "https://registry.npmjs.org/JSONStream/-/JSONStream-1.3.1.tgz",
      "integrity": "sha1-cH92HgHa6eFvG8+TcDt4xwlmV5o=",
      "requires": {
        "jsonparse": "1.3.1",
        "through": "2.3.8"
      }
    },
    "lru-cache": {
      "version": "2.7.3",
      "resolved": "https://registry.npmjs.org/lru-cache/-/lru-cache-2.7.3.tgz",
      "integrity": "sha1-bUUk6LlV+V1PW1iFHOId1y+06VI="
    },
    "minimatch": {
      "version": "0.3.0",
      "resolved": "https://registry.npmjs.org/minimatch/-/minimatch-0.3.0.tgz",
      "integrity": "sha1-J12O2qxPG7MyZHIInnlJyDlGmd0=",
      "requires": {
        "lru-cache": "2.7.3",
        "sigmund": "1.0.1"
      }
    },
    "minimist": {
      "version": "1.2.0",
      "resolved": "https://registry.npmjs.org/minimist/-/minimist-1.2.0.tgz",
      "integrity": "sha1-o1AIsg9BOD7sH7kU9M1d95omQoQ="
    },
    "ndjson-cli": {
      "version": "0.3.1",
      "resolved": "https://registry.npmjs.org/ndjson-cli/-/ndjson-cli-0.3.1.tgz",
      "integrity": "sha512-WMt3oFipPwmVvuFY2IwSNx+IeeRxZkc3OZEKTugk/FTmBRWcapH9PjtxU3Wap4CPcZ94a3nCnjEX8Ny/SrlZtA==",
      "requires": {
        "acorn": "5.1.1",
        "commander": "2.11.0",
        "resolve": "1.3.3"
      }
    },
    "object-inspect": {
      "version": "0.4.0",
      "resolved": "https://registry.npmjs.org/object-inspect/-/object-inspect-0.4.0.tgz",
      "integrity": "sha1-9RV8EWwUVbJDsG7pdwM5LFrYn+w="
    },
    "path-parse": {
      "version": "1.0.5",
      "resolved": "https://registry.npmjs.org/path-parse/-/path-parse-1.0.5.tgz",
      "integrity": "sha1-PBrfhx6pzWyUMbbqK9dKD/BVxME="
    },
    "path-source": {
      "version": "0.1.2",
      "resolved": "https://registry.npmjs.org/path-source/-/path-source-0.1.2.tgz",
      "integrity": "sha1-xaJsRPuSzTK5MOjkmx/ldQ8spws=",
      "requires": {
        "array-source": "0.0.3",
        "file-source": "0.6.1"
      }
    },
    "resolve": {
      "version": "1.3.3",
      "resolved": "https://registry.npmjs.org/resolve/-/resolve-1.3.3.tgz",
      "integrity": "sha1-ZVkHw0aahoDcLeOidaj91paR8OU=",
      "requires": {
        "path-parse": "1.0.5"
      }
    },
    "resumer": {
      "version": "0.0.0",
      "resolved": "https://registry.npmjs.org/resumer/-/resumer-0.0.0.tgz",
      "integrity": "sha1-8ej0YeQGS6Oegq883CqMiT0HZ1k=",
      "requires": {
        "through": "2.3.8"
      }
    },
    "shapefile": {
      "version": "0.6.2",
      "resolved": "https://registry.npmjs.org/shapefile/-/shapefile-0.6.2.tgz",
      "integrity": "sha1-PiMmdCkCNKZHS2zKyoiZp5b+mO0=",
      "requires": {
        "array-source": "0.0.3",
        "commander": "2.11.0",
        "path-source": "0.1.2",
        "slice-source": "0.4.1",
        "stream-source": "0.3.4",
        "text-encoding": "0.6.1"
      }
    },
    "sigmund": {
      "version": "1.0.1",
      "resolved": "https://registry.npmjs.org/sigmund/-/sigmund-1.0.1.tgz",
      "integrity": "sha1-P/IfGYytIXX587eBhT/ZTQ0ZtZA="
    },
    "slice-source": {
      "version": "0.4.1",
      "resolved": "https://registry.npmjs.org/slice-source/-/slice-source-0.4.1.tgz",
      "integrity": "sha1-QKV6wDxmaLXaIA4FN44AC/KmHXk="
    },
    "stream-concat": {
      "version": "0.1.0",
      "resolved": "https://registry.npmjs.org/stream-concat/-/stream-concat-0.1.0.tgz",
      "integrity": "sha1-Ii7xZNBz+ZwTa5SRvLiuK7dXe7s="
    },
    "stream-source": {
      "version": "0.3.4",
      "resolved": "https://registry.npmjs.org/stream-source/-/stream-source-0.3.4.tgz",
      "integrity": "sha1-BCfB+xKLC9LYhNho3MiUII+b2js="
    },
    "tape": {
      "version": "2.13.4",
      "resolved": "https://registry.npmjs.org/tape/-/tape-2.13.4.tgz",
      "integrity": "sha1-Wk0nKgKeq0qZJr9KbWBqdzQ+xJA=",
      "requires": {
        "deep-equal": "0.2.2",
        "defined": "0.0.0",
        "glob": "3.2.11",
        "inherits": "2.0.3",
        "object-inspect": "0.4.0",
        "resumer": "0.0.0",
        "through": "2.3.8"
      }
    },
    "text-encoding": {
      "version": "0.6.1",
      "resolved": "https://registry.npmjs.org/text-encoding/-/text-encoding-0.6.1.tgz",
      "integrity": "sha1-TeETDmHVDdhnBAQoqhVlbv3cscg="
    },
    "through": {
      "version": "2.3.8",
      "resolved": "https://registry.npmjs.org/through/-/through-2.3.8.tgz",
      "integrity": "sha1-DdTJ/6q8NXlgsbckEV1+Doai4fU="
    },
    "topojson": {
      "version": "3.0.0",
      "resolved": "https://registry.npmjs.org/topojson/-/topojson-3.0.0.tgz",
      "integrity": "sha1-wqyht2Q16AHc4/IpWGu9V2cRXOM=",
      "requires": {
        "topojson-client": "3.0.0",
        "topojson-server": "3.0.0",
        "topojson-simplify": "3.0.0"
      },
      "dependencies": {
        "topojson-client": {
          "version": "3.0.0",
          "resolved": "https://registry.npmjs.org/topojson-client/-/topojson-client-3.0.0.tgz",
          "integrity": "sha1-H5kpOnfvQqRI0DKoGqmCtz82DS8=",
          "requires": {
            "commander": "2.11.0"
          }
        },
        "topojson-server": {
          "version": "3.0.0",
          "resolved": "https://registry.npmjs.org/topojson-server/-/topojson-server-3.0.0.tgz",
          "integrity": "sha1-N4546Hw5cqe1vixdYENptrrmnF4=",
          "requires": {
            "commander": "2.11.0"
          }
        },
        "topojson-simplify": {
          "version": "3.0.0",
          "resolved": "https://registry.npmjs.org/topojson-simplify/-/topojson-simplify-3.0.0.tgz",
          "integrity": "sha1-WFJ9JsqFvYWJtYAPbBDpOIUkWuU=",
          "requires": {
            "commander": "2.11.0",
            "topojson-client": "3.0.0"
          }
        }
      }
    }
  }
}
